{
  "name": "meet-addon-devtools",
  "version": "0.1.0",
  "lockfileVersion": 1,
  "requires": true,
  "dependencies": {
    "meet-addons-sdk": {
      "version": "0.4.70",
      "resolved": "https://registry.npmjs.org/meet-addons-sdk/-/meet-addons-sdk-0.4.70.tgz",
      "integrity": "sha512-TebxrXYQzyljS+jqskbLJuVfeUUdngM4RUH3WDu+RMjyD9bx5jaIoJFOd+po4VC4oDZLeaYpA6AdU/E7d37SHg=="
    },
    "typescript": {
      "version": "3.7.5",
      "resolved": "https://registry.npmjs.org/typescript/-/typescript-3.7.5.tgz",
      "integrity": "sha512-/P5lkRXkWHNAbcJIiHPfRoKqyd7bsyCma1hZNUGfn20qm64T6ZBlrzprymeu918H+mB/0rIg2gGK/BXkhhYgBw==",
      "dev": true
    }
  }
}
